
Microsoft Visual Studio Solution File, Format Version 12.00
# Visual Studio Version 17
VisualStudioVersion = 17.0.31903.59
MinimumVisualStudioVersion = 10.0.40219.1
Project("{FAE04EC0-301F-11D3-BF4B-00C04F79EFBC}") = "DotNetCorePractice", "DotNetCorePractice\DotNetCorePractice.csproj", "{79EBCCB9-F77E-4149-8339-6F644739EEDC}"
EndProject
Global
	GlobalSection(SolutionConfigurationPlatforms) = preSolution
		Debug|Any CPU = Debug|Any CPU
		Release|Any CPU = Release|Any CPU
	EndGlobalSection
	GlobalSection(SolutionProperties) = preSolution
		HideSolutionNode = FALSE
	EndGlobalSection
	GlobalSection(ProjectConfigurationPlatforms) = postSolution
		{79EBCCB9-F77E-4149-8339-6F644739EEDC}.Debug|Any CPU.ActiveCfg = Debug|Any CPU
		{79EBCCB9-F77E-4149-8339-6F644739EEDC}.Debug|Any CPU.Build.0 = Debug|Any CPU
		{79EBCCB9-F77E-4149-8339-6F644739EEDC}.Release|Any CPU.ActiveCfg = Release|Any CPU
		{79EBCCB9-F77E-4149-8339-6F644739EEDC}.Release|Any CPU.Build.0 = Release|Any CPU
	EndGlobalSection
EndGlobal
